# This file is automatically @generated by Cargo.
# It is not intended for manual editing.
version = 4

[[package]]
name = "array-util"
version = "1.0.2"
source = "registry+https://github.com/rust-lang/crates.io-index"
checksum = "7e509844de8f09b90a2c3444684a2b6695f4071360e13d2fda0af9f749cc2ed6"
dependencies = [
 "arrayvec",
]

[[package]]
name = "arrayvec"
version = "0.7.8"
source = "registry+https://github.com/rust-lang/crates.io-index"
checksum = "d3fb67a6e08acf24fdeccbac2cb6ac4305825bd1f117462e0e6f2f193345ad56"

[[package]]
name = "auto_impl"
version = "1.3.0"
source = "registry+https://github.com/rust-lang/crates.io-index"
checksum = "ffdcb70bdbc4d478427380519163274ac86e52916e10f0a8889adf0f96d3fee7"
dependencies = [
 "proc-macro2",
 "quote",
 "syn 2.0.119",
]

[[package]]
name = "binius-compute"
version = "0.1.0"
source = "git+https://github.com/binius-zk/binius64?rev=6a179536d90fcc76eeca0cee4e059f5e17efb459#6a179536d90fcc76eeca0cee4e059f5e17efb459"
dependencies = [
 "rayon",
]

[[package]]
name = "binius-core"
version = "0.1.0"
source = "git+https://github.com/binius-zk/binius64?rev=6a179536d90fcc76eeca0cee4e059f5e17efb459#6a179536d90fcc76eeca0cee4e059f5e17efb459"
dependencies = [
 "binius-field",
 "binius-utils",
 "bytemuck",
 "bytes",
 "thiserror",
 "tracing",
]

[[package]]
name = "binius-field"
version = "0.1.0"
source = "git+https://github.com/binius-zk/binius64?rev=6a179536d90fcc76eeca0cee4e059f5e17efb459#6a179536d90fcc76eeca0cee4e059f5e17efb459"
dependencies = [
 "binius-utils",
 "bytemuck",
 "cfg-if",
 "derive_more",
 "rand",
 "seq-macro",
]

[[package]]
name = "binius-hash"
version = "0.1.0"
source = "git+https://github.com/binius-zk/binius64?rev=6a179536d90fcc76eeca0cee4e059f5e17efb459#6a179536d90fcc76eeca0cee4e059f5e17efb459"
dependencies = [
 "binius-utils",
 "blake3",
 "bytemuck",
 "bytes",
 "digest",
 "sha2",
]

[[package]]
name = "binius-hash-prover"
version = "0.1.0"
source = "git+https://github.com/binius-zk/binius64?rev=6a179536d90fcc76eeca0cee4e059f5e17efb459#6a179536d90fcc76eeca0cee4e059f5e17efb459"
dependencies = [
 "binius-compute",
 "binius-field",
 "binius-hash",
 "binius-utils",
 "blake3",
 "bytemuck",
 "bytes",
 "digest",
 "itertools",
 "rand",
 "sha2",
 "thiserror",
 "tracing",
]

[[package]]
name = "binius-iop"
version = "0.1.0"
source = "git+https://github.com/binius-zk/binius64?rev=6a179536d90fcc76eeca0cee4e059f5e17efb459#6a179536d90fcc76eeca0cee4e059f5e17efb459"
dependencies = [
 "binius-core",
 "binius-field",
 "binius-hash",
 "binius-ip",
 "binius-math",
 "binius-transcript",
 "binius-utils",
 "digest",
 "getset",
 "itertools",
 "thiserror",
]

[[package]]
name = "binius-iop-prover"
version = "0.1.0"
source = "git+https://github.com/binius-zk/binius64?rev=6a179536d90fcc76eeca0cee4e059f5e17efb459#6a179536d90fcc76eeca0cee4e059f5e17efb459"
dependencies = [
 "binius-compute",
 "binius-core",
 "binius-field",
 "binius-hash",
 "binius-hash-prover",
 "binius-iop",
 "binius-ip",
 "binius-ip-prover",
 "binius-math",
 "binius-transcript",
 "binius-utils",
 "digest",
 "getset",
 "itertools",
 "rand",
 "tracing",
]

[[package]]
name = "binius-ip"
version = "0.1.0"
source = "git+https://github.com/binius-zk/binius64?rev=6a179536d90fcc76eeca0cee4e059f5e17efb459#6a179536d90fcc76eeca0cee4e059f5e17efb459"
dependencies = [
 "array-util",
 "binius-core",
 "binius-field",
 "binius-math",
 "binius-transcript",
 "itertools",
 "thiserror",
]

[[package]]
name = "binius-ip-prover"
version = "0.1.0"
source = "git+https://github.com/binius-zk/binius64?rev=6a179536d90fcc76eeca0cee4e059f5e17efb459#6a179536d90fcc76eeca0cee4e059f5e17efb459"
dependencies = [
 "auto_impl",
 "binius-compute",
 "binius-core",
 "binius-field",
 "binius-ip",
 "binius-math",
 "binius-transcript",
 "binius-utils",
 "either",
 "itertools",
 "tracing",
]

[[package]]
name = "binius-math"
version = "0.1.0"
source = "git+https://github.com/binius-zk/binius64?rev=6a179536d90fcc76eeca0cee4e059f5e17efb459#6a179536d90fcc76eeca0cee4e059f5e17efb459"
dependencies = [
 "binius-compute",
 "binius-field",
 "binius-utils",
 "bytemuck",
 "getset",
 "itertools",
 "rand",
 "tracing",
]

[[package]]
name = "binius-transcript"
version = "0.1.0"
source = "git+https://github.com/binius-zk/binius64?rev=6a179536d90fcc76eeca0cee4e059f5e17efb459#6a179536d90fcc76eeca0cee4e059f5e17efb459"
dependencies = [
 "auto_impl",
 "binius-field",
 "binius-utils",
 "bytes",
 "digest",
 "thiserror",
 "tracing",
]

[[package]]
name = "binius-utils"
version = "0.1.0"
source = "git+https://github.com/binius-zk/binius64?rev=6a179536d90fcc76eeca0cee4e059f5e17efb459#6a179536d90fcc76eeca0cee4e059f5e17efb459"
dependencies = [
 "array-util",
 "bytes",
 "hybrid-array",
 "rand",
 "rayon",
 "thiserror",
 "trait-set",
]

[[package]]
name = "blake3"
version = "1.8.7"
source = "registry+https://github.com/rust-lang/crates.io-index"
checksum = "6d9e454fc11f76977dc803893aff6304ed33d6a26efae8696573bea74baa27ae"
dependencies = [
 "arrayvec",
 "cc",
 "cfg-if",
 "constant_time_eq",
 "cpufeatures",
 "digest",
]

[[package]]
name = "block-buffer"
version = "0.12.1"
source = "registry+https://github.com/rust-lang/crates.io-index"
checksum = "d2f6c7dbe95a6ed67ad9f18e57daf93a2f034c524b99fd2b76d18fdfeb6660aa"
dependencies = [
 "hybrid-array",
]

[[package]]
name = "bytemuck"
version = "1.25.2"
source = "registry+https://github.com/rust-lang/crates.io-index"
checksum = "95832e849adfb21180ccb6826a99da14e5d266ae5c2e668e1602cf234f153797"
dependencies = [
 "bytemuck_derive",
]

[[package]]
name = "bytemuck_derive"
version = "1.12.0"
source = "registry+https://github.com/rust-lang/crates.io-index"
checksum = "fc0e56a716f1e132ff6bf4bdac1c944a3fcdc1cae65f70a4a2a1ac3b401d2d1f"
dependencies = [
 "proc-macro2",
 "quote",
 "syn 3.0.5",
]

[[package]]
name = "bytes"
version = "1.12.1"
source = "registry+https://github.com/rust-lang/crates.io-index"
checksum = "fc652a48c352aef3ea3aed32080501cf3ef6ed5da78602a020c991775b0aff04"

[[package]]
name = "cc"
version = "1.4.5"
source = "registry+https://github.com/rust-lang/crates.io-index"
checksum = "005ec2760ca554fae18df7a11195552ec576cd665632a881bc011d5bb2fd4d80"
dependencies = [
 "find-msvc-tools",
 "shlex",
]

[[package]]
name = "cfg-if"
version = "1.0.4"
source = "registry+https://github.com/rust-lang/crates.io-index"
checksum = "9330f8b2ff13f34540b44e946ef35111825727b38d33286ef986142615121801"

[[package]]
name = "chacha20"
version = "0.10.2"
source = "registry+https://github.com/rust-lang/crates.io-index"
checksum = "65c35e4b699c7e15ccbe7ee35c005e4fc0a278d22238a2857e6ce2dadeda1b06"
dependencies = [
 "cfg-if",
 "cpufeatures",
 "rand_core",
]

[[package]]
name = "cmov"
version = "0.5.4"
source = "registry+https://github.com/rust-lang/crates.io-index"
checksum = "0c9ea0ac24bc397ab3c98583a3c9ba74fa56b09a4449bbe172b9b1ddb016027a"

[[package]]
name = "const-oid"
version = "0.10.2"
source = "registry+https://github.com/rust-lang/crates.io-index"
checksum = "a6ef517f0926dd24a1582492c791b6a4818a4d94e789a334894aa15b0d12f55c"

[[package]]
name = "constant_time_eq"
version = "0.4.2"
source = "registry+https://github.com/rust-lang/crates.io-index"
checksum = "3d52eff69cd5e647efe296129160853a42795992097e8af39800e1060caeea9b"

[[package]]
name = "cpufeatures"
version = "0.3.1"
source = "registry+https://github.com/rust-lang/crates.io-index"
checksum = "5ca28b0ae3115b884660db4118d803791fd6756b6e88f39c0f3f7859060d7566"
dependencies = [
 "libc",
]

[[package]]
name = "crossbeam-deque"
version = "0.8.8"
source = "registry+https://github.com/rust-lang/crates.io-index"
checksum = "622f3fc73690be383c7214310406f28a90e6edeadc3cea882f9d71e495b9711a"
dependencies = [
 "crossbeam-epoch",
 "crossbeam-utils",
]

[[package]]
name = "crossbeam-epoch"
version = "0.9.21"
source = "registry+https://github.com/rust-lang/crates.io-index"
checksum = "dc74980687109a3b14c72fd458107bf0baa1da1a1a805e178d15501ba9b86d9d"
dependencies = [
 "crossbeam-utils",
]

[[package]]
name = "crossbeam-utils"
version = "0.8.23"
source = "registry+https://github.com/rust-lang/crates.io-index"
checksum = "a31eee39dddec8330830986fcd7625edb5a24ec90ea038215273bbc3adb08ac6"

[[package]]
name = "crypto-common"
version = "0.2.2"
source = "registry+https://github.com/rust-lang/crates.io-index"
checksum = "ce6e4c961d6cd6c9a86db418387425e8bdeaf05b3c8bc1411e6dca4c252f1453"
dependencies = [
 "hybrid-array",
]

[[package]]
name = "ctutils"
version = "0.4.2"
source = "registry+https://github.com/rust-lang/crates.io-index"
checksum = "7d5515a3834141de9eafb9717ad39eea8247b5674e6066c404e8c4b365d2a29e"
dependencies = [
 "cmov",
]

[[package]]
name = "derive_more"
version = "2.1.1"
source = "registry+https://github.com/rust-lang/crates.io-index"
checksum = "d751e9e49156b02b44f9c1815bcb94b984cdcc4396ecc32521c739452808b134"
dependencies = [
 "derive_more-impl",
]

[[package]]
name = "derive_more-impl"
version = "2.1.1"
source = "registry+https://github.com/rust-lang/crates.io-index"
checksum = "799a97264921d8623a957f6c3b9011f3b5492f557bbb7a5a19b7fa6d06ba8dcb"
dependencies = [
 "proc-macro2",
 "quote",
 "rustc_version",
 "syn 2.0.119",
]

[[package]]
name = "digest"
version = "0.11.3"
source = "registry+https://github.com/rust-lang/crates.io-index"
checksum = "f1dd6dbb5841937940781866fa1281a1ff7bd3bf827091440879f9994983d5c2"
dependencies = [
 "block-buffer",
 "const-oid",
 "crypto-common",
 "ctutils",
]

[[package]]
name = "either"
version = "1.18.0"
source = "registry+https://github.com/rust-lang/crates.io-index"
checksum = "252afb9ae5eaa683babdc6a068b3f5726eb19e05070c731f9b2a23a7c3e8ed34"

[[package]]
name = "find-msvc-tools"
version = "0.1.12"
source = "registry+https://github.com/rust-lang/crates.io-index"
checksum = "3e0f1c7c3a72c66fd80abe965175f7523475c0489a87d3ff9d6e8c87d87a9d2d"

[[package]]
name = "getrandom"
version = "0.4.3"
source = "registry+https://github.com/rust-lang/crates.io-index"
checksum = "300e883d756b2e4ec94e02791f39b04b522276138852cfc41d9fb7e904106099"
dependencies = [
 "cfg-if",
 "libc",
 "r-efi",
 "rand_core",
]

[[package]]
name = "getset"
version = "0.1.7"
source = "registry+https://github.com/rust-lang/crates.io-index"
checksum = "6cf442baaabe4213ce7d1239afc26c039180b6456da2cededa316ae2c8a77a77"
dependencies = [
 "proc-macro2",
 "quote",
 "syn 2.0.119",
]

[[package]]
name = "hybrid-array"
version = "0.4.15"
source = "registry+https://github.com/rust-lang/crates.io-index"
checksum = "27f864f10dfb56725ce5ce5472bc52252c8f93a4ab86327122cebf62c5f59a17"
dependencies = [
 "typenum",
]

[[package]]
name = "itertools"
version = "0.15.0"
source = "registry+https://github.com/rust-lang/crates.io-index"
checksum = "8b4baf93f58d4425749ca49a51c50ebab072c5df6994d08fed93541c331481dc"
dependencies = [
 "either",
]

[[package]]
name = "itoa"
version = "1.0.18"
source = "registry+https://github.com/rust-lang/crates.io-index"
checksum = "8f42a60cbdf9a97f5d2305f08a87dc4e09308d1276d28c869c684d7777685682"

[[package]]
name = "libc"
version = "0.2.189"
source = "registry+https://github.com/rust-lang/crates.io-index"
checksum = "3eaf3ede3fee6db1a4c2ee091bf8a8b4dccdc6d17f656fb07896ee72867612f2"

[[package]]
name = "memchr"
version = "2.8.3"
source = "registry+https://github.com/rust-lang/crates.io-index"
checksum = "cf8baf1c55e62ffcace7a9f06f4bd9cd3f0c4beb022d3b367256b91b87513d98"

[[package]]
name = "once_cell"
version = "1.21.4"
source = "registry+https://github.com/rust-lang/crates.io-index"
checksum = "9f7c3e4beb33f85d45ae3e3a1792185706c8e16d043238c593331cc7cd313b50"

[[package]]
name = "pcs-bench-binius64"
version = "0.1.0"
dependencies = [
 "binius-compute",
 "binius-field",
 "binius-hash",
 "binius-iop",
 "binius-iop-prover",
 "binius-ip",
 "binius-ip-prover",
 "binius-math",
 "binius-transcript",
 "pcs-bench-core",
 "rand",
 "rayon",
 "serde_json",
]

[[package]]
name = "pcs-bench-core"
version = "0.1.0"
dependencies = [
 "serde",
 "serde_json",
]

[[package]]
name = "pin-project-lite"
version = "0.2.17"
source = "registry+https://github.com/rust-lang/crates.io-index"
checksum = "a89322df9ebe1c1578d689c92318e070967d1042b512afbe49518723f4e6d5cd"

[[package]]
name = "proc-macro2"
version = "1.0.107"
source = "registry+https://github.com/rust-lang/crates.io-index"
checksum = "985e7ec9bb745e6ce6535b544d84d6cd6f7ad8bd711c398938ae983b91a766d9"
dependencies = [
 "unicode-ident",
]

[[package]]
name = "quote"
version = "1.0.47"
source = "registry+https://github.com/rust-lang/crates.io-index"
checksum = "1fbf4db142a473a8d80c26bbf18454ed458bf8d26c8219c331daecfdbd079001"
dependencies = [
 "proc-macro2",
]

[[package]]
name = "r-efi"
version = "6.0.0"
source = "registry+https://github.com/rust-lang/crates.io-index"
checksum = "f8dcc9c7d52a811697d2151c701e0d08956f92b0e24136cf4cf27b57a6a0d9bf"

[[package]]
name = "rand"
version = "0.10.2"
source = "registry+https://github.com/rust-lang/crates.io-index"
checksum = "c7f5fa3a058cd35567ef9bfa5e75732bee0f9e4c55fa90477bef2dfcdbc4be80"
dependencies = [
 "chacha20",
 "getrandom",
 "rand_core",
]

[[package]]
name = "rand_core"
version = "0.10.1"
source = "registry+https://github.com/rust-lang/crates.io-index"
checksum = "63b8176103e19a2643978565ca18b50549f6101881c443590420e4dc998a3c69"

[[package]]
name = "rayon"
version = "1.12.0"
source = "registry+https://github.com/rust-lang/crates.io-index"
checksum = "fb39b166781f92d482534ef4b4b1b2568f42613b53e5b6c160e24cfbfa30926d"
dependencies = [
 "either",
 "rayon-core",
]

[[package]]
name = "rayon-core"
version = "1.13.0"
source = "registry+https://github.com/rust-lang/crates.io-index"
checksum = "22e18b0f0062d30d4230b2e85ff77fdfe4326feb054b9783a3460d8435c8ab91"
dependencies = [
 "crossbeam-deque",
 "crossbeam-utils",
]

[[package]]
name = "rustc_version"
version = "0.4.1"
source = "registry+https://github.com/rust-lang/crates.io-index"
checksum = "cfcb3a22ef46e85b45de6ee7e79d063319ebb6594faafcf1c225ea92ab6e9b92"
dependencies = [
 "semver",
]

[[package]]
name = "semver"
version = "1.0.28"
source = "registry+https://github.com/rust-lang/crates.io-index"
checksum = "8a7852d02fc848982e0c167ef163aaff9cd91dc640ba85e263cb1ce46fae51cd"

[[package]]
name = "seq-macro"
version = "0.3.6"
source = "registry+https://github.com/rust-lang/crates.io-index"
checksum = "1bc711410fbe7399f390ca1c3b60ad0f53f80e95c5eb935e52268a0e2cd49acc"

[[package]]
name = "serde"
version = "1.0.229"
source = "registry+https://github.com/rust-lang/crates.io-index"
checksum = "4148590afebada386688f18773da617792bf2ef03ffc1e4cbd2b1d45b023e0ba"
dependencies = [
 "serde_core",
 "serde_derive",
]

[[package]]
name = "serde_core"
version = "1.0.229"
source = "registry+https://github.com/rust-lang/crates.io-index"
checksum = "67dca2c9c51e58a4791a4b1ed58308b39c64224d349a935ab5039aa360942a48"
dependencies = [
 "serde_derive",
]

[[package]]
name = "serde_derive"
version = "1.0.229"
source = "registry+https://github.com/rust-lang/crates.io-index"
checksum = "e7a5d71263a5a7d47b41f6b3f06ba276f10cc18b0931f1799f710578e2309348"
dependencies = [
 "proc-macro2",
 "quote",
 "syn 3.0.5",
]

[[package]]
name = "serde_json"
version = "1.0.151"
source = "registry+https://github.com/rust-lang/crates.io-index"
checksum = "c841b55ecdae098c80dcae9cf767f6f8a0c2cdb3416bbef72181df4d0fe73f14"
dependencies = [
 "itoa",
 "memchr",
 "serde",
 "serde_core",
 "zmij",
]

[[package]]
name = "sha2"
version = "0.11.0"
source = "registry+https://github.com/rust-lang/crates.io-index"
checksum = "446ba717509524cb3f22f17ecc096f10f4822d76ab5c0b9822c5f9c284e825f4"
dependencies = [
 "cfg-if",
 "cpufeatures",
 "digest",
]

[[package]]
name = "shlex"
version = "2.0.1"
source = "registry+https://github.com/rust-lang/crates.io-index"
checksum = "f8fadd59c855ef2080decdef8ff161eb6661b86933c9d82e5ba29dc602a55aba"

[[package]]
name = "syn"
version = "2.0.119"
source = "registry+https://github.com/rust-lang/crates.io-index"
checksum = "872831b642d1a07999a962a351ed35b955ea2cfc8f3862091e2a240a84f17297"
dependencies = [
 "proc-macro2",
 "quote",
 "unicode-ident",
]

[[package]]
name = "syn"
version = "3.0.5"
source = "registry+https://github.com/rust-lang/crates.io-index"
checksum = "12df2e0110f65b775f769bb17ef989067a1d931b2eb822bd4346631eeada89f9"
dependencies = [
 "proc-macro2",
 "quote",
 "unicode-ident",
]

[[package]]
name = "thiserror"
version = "2.0.20"
source = "registry+https://github.com/rust-lang/crates.io-index"
checksum = "ec86235f5fcc2a73650310756d2ac5b138a5780bbbdfae3eeccec992c435ba4f"
dependencies = [
 "thiserror-impl",
]

[[package]]
name = "thiserror-impl"
version = "2.0.20"
source = "registry+https://github.com/rust-lang/crates.io-index"
checksum = "bc04cd3e1236dd4a98afca4569f2deb3f120e5422a4023be2cb683f8486292af"
dependencies = [
 "proc-macro2",
 "quote",
 "syn 3.0.5",
]

[[package]]
name = "tracing"
version = "0.1.44"
source = "registry+https://github.com/rust-lang/crates.io-index"
checksum = "63e71662fa4b2a2c3a26f570f037eb95bb1f85397f3cd8076caed2f026a6d100"
dependencies = [
 "pin-project-lite",
 "tracing-attributes",
 "tracing-core",
]

[[package]]
name = "tracing-attributes"
version = "0.1.31"
source = "registry+https://github.com/rust-lang/crates.io-index"
checksum = "7490cfa5ec963746568740651ac6781f701c9c5ea257c58e057f3ba8cf69e8da"
dependencies = [
 "proc-macro2",
 "quote",
 "syn 2.0.119",
]

[[package]]
name = "tracing-core"
version = "0.1.36"
source = "registry+https://github.com/rust-lang/crates.io-index"
checksum = "db97caf9d906fbde555dd62fa95ddba9eecfd14cb388e4f491a66d74cd5fb79a"
dependencies = [
 "once_cell",
]

[[package]]
name = "trait-set"
version = "0.5.0"
source = "registry+https://github.com/rust-lang/crates.io-index"
checksum = "55442dd31337ec4b06189213a6a65cc414e4ae34e4cbc7bc050fae1573d14ed5"
dependencies = [
 "proc-macro2",
 "quote",
 "syn 3.0.5",
]

[[package]]
name = "typenum"
version = "1.20.1"
source = "registry+https://github.com/rust-lang/crates.io-index"
checksum = "b6f5e870be6c3b371b77fe0ee0bafb859fa4964b4404c27de1d380043c4dda20"

[[package]]
name = "unicode-ident"
version = "1.0.24"
source = "registry+https://github.com/rust-lang/crates.io-index"
checksum = "e6e4313cd5fcd3dad5cafa179702e2b244f760991f45397d14d4ebf38247da75"

[[package]]
name = "zmij"
version = "1.0.23"
source = "registry+https://github.com/rust-lang/crates.io-index"
checksum = "29666d0abbfad1e3dc4dcf6144730dd3a3ab225bbbdac83319345b1b44ccfc1b"
